{
	"requires": true,
	"lockfileVersion": 1,
	"dependencies": {
		"array-iterate": {
			"version": "1.1.1",
			"resolved": "https://registry.npmjs.org/array-iterate/-/array-iterate-1.1.1.tgz",
			"integrity": "sha1-hlv3+K851rCYLGCQKRSsdrwBCPY="
		},
		"ccount": {
			"version": "1.0.2",
			"resolved": "https://registry.npmjs.org/ccount/-/ccount-1.0.2.tgz",
			"integrity": "sha1-U7ai+BW7d7nChx97mnLDol8djok="
		},
		"character-entities": {
			"version": "1.2.1",
			"resolved": "https://registry.npmjs.org/character-entities/-/character-entities-1.2.1.tgz",
			"integrity": "sha1-92hxvl72bdt/j440eOzDdMJ9bco="
		},
		"character-entities-html4": {
			"version": "1.1.1",
			"resolved": "https://registry.npmjs.org/character-entities-html4/-/character-entities-html4-1.1.1.tgz",
			"integrity": "sha1-NZoqSg9+KdPcKsmb2+Ie45Q46lA="
		},
		"character-entities-legacy": {
			"version": "1.1.1",
			"resolved": "https://registry.npmjs.org/character-entities-legacy/-/character-entities-legacy-1.1.1.tgz",
			"integrity": "sha1-9Ad53xoQGHK7UQo9KV4fzPFHIC8="
		},
		"character-reference-invalid": {
			"version": "1.1.1",
			"resolved": "https://registry.npmjs.org/character-reference-invalid/-/character-reference-invalid-1.1.1.tgz",
			"integrity": "sha1-lCg191Dk7GGjCOYMLvjMEBEgLvw="
		},
		"inherits": {
			"version": "2.0.3",
			"resolved": "https://registry.npmjs.org/inherits/-/inherits-2.0.3.tgz",
			"integrity": "sha1-Yzwsg+PaQqUC9SRmAiSA9CCCYd4="
		},
		"is-alphabetical": {
			"version": "1.0.1",
			"resolved": "https://registry.npmjs.org/is-alphabetical/-/is-alphabetical-1.0.1.tgz",
			"integrity": "sha1-x3B5zJHU76x3W+EDS/LSQ/lebwg="
		},
		"is-alphanumeric": {
			"version": "1.0.0",
			"resolved": "https://registry.npmjs.org/is-alphanumeric/-/is-alphanumeric-1.0.0.tgz",
			"integrity": "sha1-Spzvcdr0wAHB2B1j0UDPU/1oifQ="
		},
		"is-alphanumerical": {
			"version": "1.0.1",
			"resolved": "https://registry.npmjs.org/is-alphanumerical/-/is-alphanumerical-1.0.1.tgz",
			"integrity": "sha1-37SqTRCF4zvbYcLe6cgOnGwZ9Ts=",
			"requires": {
				"is-alphabetical": "1.0.1",
				"is-decimal": "1.0.1"
			}
		},
		"is-decimal": {
			"version": "1.0.1",
			"resolved": "https://registry.npmjs.org/is-decimal/-/is-decimal-1.0.1.tgz",
			"integrity": "sha1-9ftqlJlq2ejjdh+/vQkfH8qMToI="
		},
		"is-hexadecimal": {
			"version": "1.0.1",
			"resolved": "https://registry.npmjs.org/is-hexadecimal/-/is-hexadecimal-1.0.1.tgz",
			"integrity": "sha1-bghLvJIGH7sJcexYts5tQE4k2mk="
		},
		"is-whitespace-character": {
			"version": "1.0.1",
			"resolved": "https://registry.npmjs.org/is-whitespace-character/-/is-whitespace-character-1.0.1.tgz",
			"integrity": "sha1-muAXbzKCtlRXoZks2whPil+DPjs="
		},
		"longest-streak": {
			"version": "2.0.1",
			"resolved": "https://registry.npmjs.org/longest-streak/-/longest-streak-2.0.1.tgz",
			"integrity": "sha1-QtKRtUEeQDZcAOYxk0l+IkcxbjU="
		},
		"markdown-escapes": {
			"version": "1.0.1",
			"resolved": "https://registry.npmjs.org/markdown-escapes/-/markdown-escapes-1.0.1.tgz",
			"integrity": "sha1-GZTfLTr0gR3lmmcUk0wrIpJzRRg="
		},
		"markdown-table": {
			"version": "1.1.1",
			"resolved": "https://registry.npmjs.org/markdown-table/-/markdown-table-1.1.1.tgz",
			"integrity": "sha1-Sz3ToTPRUYuO8NvHCb8qG0gkvIw="
		},
		"mdast-util-compact": {
			"version": "1.0.1",
			"resolved": "https://registry.npmjs.org/mdast-util-compact/-/mdast-util-compact-1.0.1.tgz",
			"integrity": "sha1-zbX4TitqLTEU3zO9BdnLMuPECDo=",
			"requires": {
				"unist-util-modify-children": "1.1.1",
				"unist-util-visit": "1.1.3"
			}
		},
		"parse-entities": {
			"version": "1.1.1",
			"resolved": "https://registry.npmjs.org/parse-entities/-/parse-entities-1.1.1.tgz",
			"integrity": "sha1-gRLYhHExnyerrk1klksSL+ThuJA=",
			"requires": {
				"character-entities": "1.2.1",
				"character-entities-legacy": "1.1.1",
				"character-reference-invalid": "1.1.1",
				"is-alphanumerical": "1.0.1",
				"is-decimal": "1.0.1",
				"is-hexadecimal": "1.0.1"
			}
		},
		"repeat-string": {
			"version": "1.6.1",
			"resolved": "https://registry.npmjs.org/repeat-string/-/repeat-string-1.6.1.tgz",
			"integrity": "sha1-jcrkcOHIirwtYA//Sndihtp15jc="
		},
		"state-toggle": {
			"version": "1.0.0",
			"resolved": "https://registry.npmjs.org/state-toggle/-/state-toggle-1.0.0.tgz",
			"integrity": "sha1-0g+aYWu08MO5i5GSLSW2QKorxCU="
		},
		"stringify-entities": {
			"version": "1.3.1",
			"resolved": "https://registry.npmjs.org/stringify-entities/-/stringify-entities-1.3.1.tgz",
			"integrity": "sha1-sVDsLXKsTBtfMktR+2soyc3/BYw=",
			"requires": {
				"character-entities-html4": "1.1.1",
				"character-entities-legacy": "1.1.1",
				"is-alphanumerical": "1.0.1",
				"is-hexadecimal": "1.0.1"
			}
		},
		"unherit": {
			"version": "1.1.0",
			"resolved": "https://registry.npmjs.org/unherit/-/unherit-1.1.0.tgz",
			"integrity": "sha1-a5qu379z3xdWrZ4xbdmBiFhAzX0=",
			"requires": {
				"inherits": "2.0.3",
				"xtend": "4.0.1"
			}
		},
		"unist-util-modify-children": {
			"version": "1.1.1",
			"resolved": "https://registry.npmjs.org/unist-util-modify-children/-/unist-util-modify-children-1.1.1.tgz",
			"integrity": "sha1-ZtfmpEnm9nIguXarPLi166w55R0=",
			"requires": {
				"array-iterate": "1.1.1"
			}
		},
		"unist-util-visit": {
			"version": "1.1.3",
			"resolved": "https://registry.npmjs.org/unist-util-visit/-/unist-util-visit-1.1.3.tgz",
			"integrity": "sha1-7CaOcxudJ3p5pbWqBkOZDkBdYAs="
		},
		"xtend": {
			"version": "4.0.1",
			"resolved": "https://registry.npmjs.org/xtend/-/xtend-4.0.1.tgz",
			"integrity": "sha1-pcbVMr5lbiPbgg77lDofBJmNY68="
		}
	}
}
