{
	"requires": true,
	"lockfileVersion": 1,
	"dependencies": {
		"bail": {
			"version": "1.0.2",
			"resolved": "https://registry.npmjs.org/bail/-/bail-1.0.2.tgz",
			"integrity": "sha1-99bBcxYwqfnw1NNe0fli4gdKF2Q="
		},
		"extend": {
			"version": "3.0.1",
			"resolved": "https://registry.npmjs.org/extend/-/extend-3.0.1.tgz",
			"integrity": "sha1-p1Xqe8Gt/MWjHOfnYtuq3F5jZEQ="
		},
		"is-buffer": {
			"version": "1.1.5",
			"resolved": "https://registry.npmjs.org/is-buffer/-/is-buffer-1.1.5.tgz",
			"integrity": "sha1-Hzsm72E7IUuIy8ojzGwB2Hlh7sw="
		},
		"is-plain-obj": {
			"version": "1.1.0",
			"resolved": "https://registry.npmjs.org/is-plain-obj/-/is-plain-obj-1.1.0.tgz",
			"integrity": "sha1-caUMhCnfync8kqOQpKA7OfzVHT4="
		},
		"replace-ext": {
			"version": "1.0.0",
			"resolved": "https://registry.npmjs.org/replace-ext/-/replace-ext-1.0.0.tgz",
			"integrity": "sha1-3mMSg3P8v3w8z6TeWkgMRaZ5WOs="
		},
		"trough": {
			"version": "1.0.1",
			"resolved": "https://registry.npmjs.org/trough/-/trough-1.0.1.tgz",
			"integrity": "sha1-qf2LA5Swro//guBjOgo2zK1bX4Y="
		},
		"unified": {
			"version": "6.1.5",
			"resolved": "https://registry.npmjs.org/unified/-/unified-6.1.5.tgz",
			"integrity": "sha1-cWk3hyYhpjE15iztLzrGoGPG+4c=",
			"requires": {
				"bail": "1.0.2",
				"extend": "3.0.1",
				"is-plain-obj": "1.1.0",
				"trough": "1.0.1",
				"vfile": "2.2.0",
				"x-is-function": "1.0.4",
				"x-is-string": "0.1.0"
			}
		},
		"unist-util-stringify-position": {
			"version": "1.1.1",
			"resolved": "https://registry.npmjs.org/unist-util-stringify-position/-/unist-util-stringify-position-1.1.1.tgz",
			"integrity": "sha1-PMvcU2ee7W7PN3fdf14yKcG2qjw="
		},
		"vfile": {
			"version": "2.2.0",
			"resolved": "https://registry.npmjs.org/vfile/-/vfile-2.2.0.tgz",
			"integrity": "sha1-zkek+zNZIrIz5TXbD32BIdj87U4=",
			"requires": {
				"is-buffer": "1.1.5",
				"replace-ext": "1.0.0",
				"unist-util-stringify-position": "1.1.1"
			}
		},
		"x-is-function": {
			"version": "1.0.4",
			"resolved": "https://registry.npmjs.org/x-is-function/-/x-is-function-1.0.4.tgz",
			"integrity": "sha1-XSlNw9Joy90GJYDgxd93o5HR+h4="
		},
		"x-is-string": {
			"version": "0.1.0",
			"resolved": "https://registry.npmjs.org/x-is-string/-/x-is-string-0.1.0.tgz",
			"integrity": "sha1-R0tQhlrzpJqcRlfwWs0UVFj3fYI="
		}
	}
}
