{
	"requires": true,
	"lockfileVersion": 1,
	"dependencies": {
		"character-entities": {
			"version": "1.2.1",
			"resolved": "https://registry.npmjs.org/character-entities/-/character-entities-1.2.1.tgz",
			"integrity": "sha1-92hxvl72bdt/j440eOzDdMJ9bco="
		},
		"character-entities-legacy": {
			"version": "1.1.1",
			"resolved": "https://registry.npmjs.org/character-entities-legacy/-/character-entities-legacy-1.1.1.tgz",
			"integrity": "sha1-9Ad53xoQGHK7UQo9KV4fzPFHIC8="
		},
		"character-reference-invalid": {
			"version": "1.1.1",
			"resolved": "https://registry.npmjs.org/character-reference-invalid/-/character-reference-invalid-1.1.1.tgz",
			"integrity": "sha1-lCg191Dk7GGjCOYMLvjMEBEgLvw="
		},
		"collapse-white-space": {
			"version": "1.0.3",
			"resolved": "https://registry.npmjs.org/collapse-white-space/-/collapse-white-space-1.0.3.tgz",
			"integrity": "sha1-S5BvZw5aljqHt2sOFolkM0G2Ajw="
		},
		"inherits": {
			"version": "2.0.3",
			"resolved": "https://registry.npmjs.org/inherits/-/inherits-2.0.3.tgz",
			"integrity": "sha1-Yzwsg+PaQqUC9SRmAiSA9CCCYd4="
		},
		"is-alphabetical": {
			"version": "1.0.1",
			"resolved": "https://registry.npmjs.org/is-alphabetical/-/is-alphabetical-1.0.1.tgz",
			"integrity": "sha1-x3B5zJHU76x3W+EDS/LSQ/lebwg="
		},
		"is-alphanumerical": {
			"version": "1.0.1",
			"resolved": "https://registry.npmjs.org/is-alphanumerical/-/is-alphanumerical-1.0.1.tgz",
			"integrity": "sha1-37SqTRCF4zvbYcLe6cgOnGwZ9Ts=",
			"requires": {
				"is-alphabetical": "1.0.1",
				"is-decimal": "1.0.1"
			}
		},
		"is-decimal": {
			"version": "1.0.1",
			"resolved": "https://registry.npmjs.org/is-decimal/-/is-decimal-1.0.1.tgz",
			"integrity": "sha1-9ftqlJlq2ejjdh+/vQkfH8qMToI="
		},
		"is-hexadecimal": {
			"version": "1.0.1",
			"resolved": "https://registry.npmjs.org/is-hexadecimal/-/is-hexadecimal-1.0.1.tgz",
			"integrity": "sha1-bghLvJIGH7sJcexYts5tQE4k2mk="
		},
		"is-whitespace-character": {
			"version": "1.0.1",
			"resolved": "https://registry.npmjs.org/is-whitespace-character/-/is-whitespace-character-1.0.1.tgz",
			"integrity": "sha1-muAXbzKCtlRXoZks2whPil+DPjs="
		},
		"is-word-character": {
			"version": "1.0.1",
			"resolved": "https://registry.npmjs.org/is-word-character/-/is-word-character-1.0.1.tgz",
			"integrity": "sha1-WgP6HqkazopusMfNdw64bWXIvvs="
		},
		"markdown-escapes": {
			"version": "1.0.1",
			"resolved": "https://registry.npmjs.org/markdown-escapes/-/markdown-escapes-1.0.1.tgz",
			"integrity": "sha1-GZTfLTr0gR3lmmcUk0wrIpJzRRg="
		},
		"parse-entities": {
			"version": "1.1.1",
			"resolved": "https://registry.npmjs.org/parse-entities/-/parse-entities-1.1.1.tgz",
			"integrity": "sha1-gRLYhHExnyerrk1klksSL+ThuJA=",
			"requires": {
				"character-entities": "1.2.1",
				"character-entities-legacy": "1.1.1",
				"character-reference-invalid": "1.1.1",
				"is-alphanumerical": "1.0.1",
				"is-decimal": "1.0.1",
				"is-hexadecimal": "1.0.1"
			}
		},
		"repeat-string": {
			"version": "1.6.1",
			"resolved": "https://registry.npmjs.org/repeat-string/-/repeat-string-1.6.1.tgz",
			"integrity": "sha1-jcrkcOHIirwtYA//Sndihtp15jc="
		},
		"state-toggle": {
			"version": "1.0.0",
			"resolved": "https://registry.npmjs.org/state-toggle/-/state-toggle-1.0.0.tgz",
			"integrity": "sha1-0g+aYWu08MO5i5GSLSW2QKorxCU="
		},
		"trim": {
			"version": "0.0.1",
			"resolved": "https://registry.npmjs.org/trim/-/trim-0.0.1.tgz",
			"integrity": "sha1-WFhUf2spB1fulczMZm+1AITEYN0="
		},
		"trim-trailing-lines": {
			"version": "1.1.0",
			"resolved": "https://registry.npmjs.org/trim-trailing-lines/-/trim-trailing-lines-1.1.0.tgz",
			"integrity": "sha1-eu+7eAjfnWafbaLkOMrIxGradoQ="
		},
		"unherit": {
			"version": "1.1.0",
			"resolved": "https://registry.npmjs.org/unherit/-/unherit-1.1.0.tgz",
			"integrity": "sha1-a5qu379z3xdWrZ4xbdmBiFhAzX0=",
			"requires": {
				"inherits": "2.0.3",
				"xtend": "4.0.1"
			}
		},
		"unist-util-remove-position": {
			"version": "1.1.1",
			"resolved": "https://registry.npmjs.org/unist-util-remove-position/-/unist-util-remove-position-1.1.1.tgz",
			"integrity": "sha1-WoXBVV/BugwQG4ZwfRXlD6TIcbs=",
			"requires": {
				"unist-util-visit": "1.1.3"
			}
		},
		"unist-util-visit": {
			"version": "1.1.3",
			"resolved": "https://registry.npmjs.org/unist-util-visit/-/unist-util-visit-1.1.3.tgz",
			"integrity": "sha1-7CaOcxudJ3p5pbWqBkOZDkBdYAs="
		},
		"vfile-location": {
			"version": "2.0.2",
			"resolved": "https://registry.npmjs.org/vfile-location/-/vfile-location-2.0.2.tgz",
			"integrity": "sha1-02dcWch3SY5JK0dW/2Xkrxp1IlU="
		},
		"xtend": {
			"version": "4.0.1",
			"resolved": "https://registry.npmjs.org/xtend/-/xtend-4.0.1.tgz",
			"integrity": "sha1-pcbVMr5lbiPbgg77lDofBJmNY68="
		}
	}
}
